
Microsoft Visual Studio Solution File, Format Version 12.00
# Visual Studio Version 16
VisualStudioVersion = 16.0.31019.35
MinimumVisualStudioVersion = 10.0.40219.1
Project("{9A19103F-16F7-4668-BE54-9A1E7A4F7556}") = "Configurator", "Configurator\Configurator.csproj", "{FDFF7EC7-542E-40C5-AB07-6EE70C84A00F}"
EndProject
Project("{9A19103F-16F7-4668-BE54-9A1E7A4F7556}") = "Configurator.UnitTests", "Configurator.UnitTests\Configurator.UnitTests.csproj", "{9FFCF0E1-831E-4BC7-850D-5498263B37FF}"
EndProject
Project("{FAE04EC0-301F-11D3-BF4B-00C04F79EFBC}") = "Configurator.IntegrationTests", "Configurator.IntegrationTests\Configurator.IntegrationTests.csproj", "{197D16F6-03E9-4E49-8F27-0944515DEF36}"
EndProject
Global
	GlobalSection(SolutionConfigurationPlatforms) = preSolution
		Debug|Any CPU = Debug|Any CPU
		Release|Any CPU = Release|Any CPU
	EndGlobalSection
	GlobalSection(ProjectConfigurationPlatforms) = postSolution
		{FDFF7EC7-542E-40C5-AB07-6EE70C84A00F}.Debug|Any CPU.ActiveCfg = Debug|Any CPU
		{FDFF7EC7-542E-40C5-AB07-6EE70C84A00F}.Debug|Any CPU.Build.0 = Debug|Any CPU
		{FDFF7EC7-542E-40C5-AB07-6EE70C84A00F}.Release|Any CPU.ActiveCfg = Release|Any CPU
		{FDFF7EC7-542E-40C5-AB07-6EE70C84A00F}.Release|Any CPU.Build.0 = Release|Any CPU
		{9FFCF0E1-831E-4BC7-850D-5498263B37FF}.Debug|Any CPU.ActiveCfg = Debug|Any CPU
		{9FFCF0E1-831E-4BC7-850D-5498263B37FF}.Debug|Any CPU.Build.0 = Debug|Any CPU
		{9FFCF0E1-831E-4BC7-850D-5498263B37FF}.Release|Any CPU.ActiveCfg = Release|Any CPU
		{9FFCF0E1-831E-4BC7-850D-5498263B37FF}.Release|Any CPU.Build.0 = Release|Any CPU
		{197D16F6-03E9-4E49-8F27-0944515DEF36}.Debug|Any CPU.ActiveCfg = Debug|Any CPU
		{197D16F6-03E9-4E49-8F27-0944515DEF36}.Debug|Any CPU.Build.0 = Debug|Any CPU
		{197D16F6-03E9-4E49-8F27-0944515DEF36}.Release|Any CPU.ActiveCfg = Release|Any CPU
		{197D16F6-03E9-4E49-8F27-0944515DEF36}.Release|Any CPU.Build.0 = Release|Any CPU
	EndGlobalSection
	GlobalSection(SolutionProperties) = preSolution
		HideSolutionNode = FALSE
	EndGlobalSection
	GlobalSection(ExtensibilityGlobals) = postSolution
		SolutionGuid = {48A49E50-7ADF-4014-AD47-B59F90B52C1D}
	EndGlobalSection
EndGlobal
