
Microsoft Visual Studio Solution File, Format Version 12.00
# Visual Studio Version 16
VisualStudioVersion = 16.0.31019.35
MinimumVisualStudioVersion = 10.0.40219.1
Project("{9A19103F-16F7-4668-BE54-9A1E7A4F7556}") = "Configurator", "Configurator\Configurator.csproj", "{FDFF7EC7-542E-40C5-AB07-6EE70C84A00F}"
EndProject
Project("{9A19103F-16F7-4668-BE54-9A1E7A4F7556}") = "Configurator.UnitTests", "Configurator.UnitTests\Configurator.UnitTests.csproj", "{9FFCF0E1-831E-4BC7-850D-5498263B37FF}"
EndProject
Project("{9A19103F-16F7-4668-BE54-9A1E7A4F7556}") = "Configurator.IntegrationTests", "Configurator.IntegrationTests\Configurator.IntegrationTests.csproj", "{197D16F6-03E9-4E49-8F27-0944515DEF36}"
EndProject
Project("{2150E333-8FDC-42A3-9474-1A3956D46DE8}") = "NonNugetDependencies", "NonNugetDependencies", "{A9CA91DF-1575-48FF-BEC6-75FCE3CE4174}"
EndProject
Project("{2150E333-8FDC-42A3-9474-1A3956D46DE8}") = "Emmersion.Http", "Emmersion.Http", "{0BBA1D82-9B4B-4716-B7F0-7FCAEA2C8946}"
EndProject
Project("{9A19103F-16F7-4668-BE54-9A1E7A4F7556}") = "Emmersion.Http", "NonNuGetDependencies\Emmersion.Http\Emmersion.Http\Emmersion.Http.csproj", "{7A327EFA-CF51-4DA2-90DB-B2DEB1D33793}"
EndProject
Project("{9A19103F-16F7-4668-BE54-9A1E7A4F7556}") = "Emmersion.Http.IntegrationTests", "NonNuGetDependencies\Emmersion.Http\Emmersion.Http.IntegrationTests\Emmersion.Http.IntegrationTests.csproj", "{0F64ACE1-A158-40B8-BC4B-7581BC0BA3AC}"
EndProject
Project("{9A19103F-16F7-4668-BE54-9A1E7A4F7556}") = "Emmersion.Http.UnitTests", "NonNuGetDependencies\Emmersion.Http\Emmersion.Http.UnitTests\Emmersion.Http.UnitTests.csproj", "{06DCA402-C4B5-41DA-9196-CDB2E9DE8383}"
EndProject
Global
	GlobalSection(SolutionConfigurationPlatforms) = preSolution
		Debug|Any CPU = Debug|Any CPU
		Release|Any CPU = Release|Any CPU
	EndGlobalSection
	GlobalSection(ProjectConfigurationPlatforms) = postSolution
		{FDFF7EC7-542E-40C5-AB07-6EE70C84A00F}.Debug|Any CPU.ActiveCfg = Debug|Any CPU
		{FDFF7EC7-542E-40C5-AB07-6EE70C84A00F}.Debug|Any CPU.Build.0 = Debug|Any CPU
		{FDFF7EC7-542E-40C5-AB07-6EE70C84A00F}.Release|Any CPU.ActiveCfg = Release|Any CPU
		{FDFF7EC7-542E-40C5-AB07-6EE70C84A00F}.Release|Any CPU.Build.0 = Release|Any CPU
		{9FFCF0E1-831E-4BC7-850D-5498263B37FF}.Debug|Any CPU.ActiveCfg = Debug|Any CPU
		{9FFCF0E1-831E-4BC7-850D-5498263B37FF}.Debug|Any CPU.Build.0 = Debug|Any CPU
		{9FFCF0E1-831E-4BC7-850D-5498263B37FF}.Release|Any CPU.ActiveCfg = Release|Any CPU
		{9FFCF0E1-831E-4BC7-850D-5498263B37FF}.Release|Any CPU.Build.0 = Release|Any CPU
		{197D16F6-03E9-4E49-8F27-0944515DEF36}.Debug|Any CPU.ActiveCfg = Debug|Any CPU
		{197D16F6-03E9-4E49-8F27-0944515DEF36}.Debug|Any CPU.Build.0 = Debug|Any CPU
		{197D16F6-03E9-4E49-8F27-0944515DEF36}.Release|Any CPU.ActiveCfg = Release|Any CPU
		{197D16F6-03E9-4E49-8F27-0944515DEF36}.Release|Any CPU.Build.0 = Release|Any CPU
		{7A327EFA-CF51-4DA2-90DB-B2DEB1D33793}.Debug|Any CPU.ActiveCfg = Debug|Any CPU
		{7A327EFA-CF51-4DA2-90DB-B2DEB1D33793}.Debug|Any CPU.Build.0 = Debug|Any CPU
		{7A327EFA-CF51-4DA2-90DB-B2DEB1D33793}.Release|Any CPU.ActiveCfg = Release|Any CPU
		{7A327EFA-CF51-4DA2-90DB-B2DEB1D33793}.Release|Any CPU.Build.0 = Release|Any CPU
		{0F64ACE1-A158-40B8-BC4B-7581BC0BA3AC}.Debug|Any CPU.ActiveCfg = Debug|Any CPU
		{0F64ACE1-A158-40B8-BC4B-7581BC0BA3AC}.Debug|Any CPU.Build.0 = Debug|Any CPU
		{0F64ACE1-A158-40B8-BC4B-7581BC0BA3AC}.Release|Any CPU.ActiveCfg = Release|Any CPU
		{0F64ACE1-A158-40B8-BC4B-7581BC0BA3AC}.Release|Any CPU.Build.0 = Release|Any CPU
		{06DCA402-C4B5-41DA-9196-CDB2E9DE8383}.Debug|Any CPU.ActiveCfg = Debug|Any CPU
		{06DCA402-C4B5-41DA-9196-CDB2E9DE8383}.Debug|Any CPU.Build.0 = Debug|Any CPU
		{06DCA402-C4B5-41DA-9196-CDB2E9DE8383}.Release|Any CPU.ActiveCfg = Release|Any CPU
		{06DCA402-C4B5-41DA-9196-CDB2E9DE8383}.Release|Any CPU.Build.0 = Release|Any CPU
	EndGlobalSection
	GlobalSection(SolutionProperties) = preSolution
		HideSolutionNode = FALSE
	EndGlobalSection
	GlobalSection(NestedProjects) = preSolution
		{0BBA1D82-9B4B-4716-B7F0-7FCAEA2C8946} = {A9CA91DF-1575-48FF-BEC6-75FCE3CE4174}
		{7A327EFA-CF51-4DA2-90DB-B2DEB1D33793} = {0BBA1D82-9B4B-4716-B7F0-7FCAEA2C8946}
		{0F64ACE1-A158-40B8-BC4B-7581BC0BA3AC} = {0BBA1D82-9B4B-4716-B7F0-7FCAEA2C8946}
		{06DCA402-C4B5-41DA-9196-CDB2E9DE8383} = {0BBA1D82-9B4B-4716-B7F0-7FCAEA2C8946}
	EndGlobalSection
	GlobalSection(ExtensibilityGlobals) = postSolution
		SolutionGuid = {48A49E50-7ADF-4014-AD47-B59F90B52C1D}
	EndGlobalSection
EndGlobal
